
Microsoft Visual Studio Solution File, Format Version 10.00
# Visual Studio 2008
Project("{FAE04EC0-301F-11D3-BF4B-00C04F79EFBC}") = "CyControl", "CyControl.csproj", "{DE0F475A-5876-4B20-8623-3A602D9D9CBF}"
EndProject
Global
	GlobalSection(SolutionConfigurationPlatforms) = preSolution
		Debug|Any CPU = Debug|Any CPU
		Release|Any CPU = Release|Any CPU
	EndGlobalSection
	GlobalSection(ProjectConfigurationPlatforms) = postSolution
		{DE0F475A-5876-4B20-8623-3A602D9D9CBF}.Debug|Any CPU.ActiveCfg = Debug|Any CPU
		{DE0F475A-5876-4B20-8623-3A602D9D9CBF}.Debug|Any CPU.Build.0 = Debug|Any CPU
		{DE0F475A-5876-4B20-8623-3A602D9D9CBF}.Release|Any CPU.ActiveCfg = Release|Any CPU
		{DE0F475A-5876-4B20-8623-3A602D9D9CBF}.Release|Any CPU.Build.0 = Release|Any CPU
	EndGlobalSection
	GlobalSection(SolutionProperties) = preSolution
		HideSolutionNode = FALSE
	EndGlobalSection
EndGlobal
